
Microsoft Visual Studio Solution File, Format Version 12.00
# Visual Studio Version 16
VisualStudioVersion = 16.0.32106.194
MinimumVisualStudioVersion = 10.0.40219.1
Project("{FAE04EC0-301F-11D3-BF4B-00C04F79EFBC}") = "DataAdapterProgram", "DataAdapterProgram\DataAdapterProgram.csproj", "{C33B3F63-BD1D-49BC-B291-3CC1A0C3BD47}"
EndProject
Global
	GlobalSection(SolutionConfigurationPlatforms) = preSolution
		Debug|Any CPU = Debug|Any CPU
		Release|Any CPU = Release|Any CPU
	EndGlobalSection
	GlobalSection(ProjectConfigurationPlatforms) = postSolution
		{C33B3F63-BD1D-49BC-B291-3CC1A0C3BD47}.Debug|Any CPU.ActiveCfg = Debug|Any CPU
		{C33B3F63-BD1D-49BC-B291-3CC1A0C3BD47}.Debug|Any CPU.Build.0 = Debug|Any CPU
		{C33B3F63-BD1D-49BC-B291-3CC1A0C3BD47}.Release|Any CPU.ActiveCfg = Release|Any CPU
		{C33B3F63-BD1D-49BC-B291-3CC1A0C3BD47}.Release|Any CPU.Build.0 = Release|Any CPU
	EndGlobalSection
	GlobalSection(SolutionProperties) = preSolution
		HideSolutionNode = FALSE
	EndGlobalSection
	GlobalSection(ExtensibilityGlobals) = postSolution
		SolutionGuid = {35439D02-56C3-47AA-B693-21AF52B0D5ED}
	EndGlobalSection
EndGlobal
