
Microsoft Visual Studio Solution File, Format Version 12.00
# Visual Studio Version 16
VisualStudioVersion = 16.0.32106.194
MinimumVisualStudioVersion = 10.0.40219.1
Project("{FAE04EC0-301F-11D3-BF4B-00C04F79EFBC}") = "CreatingDataTable", "CreatingDataTable\CreatingDataTable.csproj", "{F9B3CC5C-5AD9-4C4A-B477-D4841AFC0658}"
EndProject
Global
	GlobalSection(SolutionConfigurationPlatforms) = preSolution
		Debug|Any CPU = Debug|Any CPU
		Release|Any CPU = Release|Any CPU
	EndGlobalSection
	GlobalSection(ProjectConfigurationPlatforms) = postSolution
		{F9B3CC5C-5AD9-4C4A-B477-D4841AFC0658}.Debug|Any CPU.ActiveCfg = Debug|Any CPU
		{F9B3CC5C-5AD9-4C4A-B477-D4841AFC0658}.Debug|Any CPU.Build.0 = Debug|Any CPU
		{F9B3CC5C-5AD9-4C4A-B477-D4841AFC0658}.Release|Any CPU.ActiveCfg = Release|Any CPU
		{F9B3CC5C-5AD9-4C4A-B477-D4841AFC0658}.Release|Any CPU.Build.0 = Release|Any CPU
	EndGlobalSection
	GlobalSection(SolutionProperties) = preSolution
		HideSolutionNode = FALSE
	EndGlobalSection
	GlobalSection(ExtensibilityGlobals) = postSolution
		SolutionGuid = {02F031F0-A68A-42CB-A7CF-0D1E2589F8B6}
	EndGlobalSection
EndGlobal
