
Microsoft Visual Studio Solution File, Format Version 12.00
# Visual Studio Version 16
VisualStudioVersion = 16.0.32106.194
MinimumVisualStudioVersion = 10.0.40219.1
Project("{FAE04EC0-301F-11D3-BF4B-00C04F79EFBC}") = "DatasetDesigner", "DatasetDesigner\DatasetDesigner.csproj", "{C27DD06C-850C-48FD-9C20-86E11C46CC09}"
EndProject
Global
	GlobalSection(SolutionConfigurationPlatforms) = preSolution
		Debug|Any CPU = Debug|Any CPU
		Release|Any CPU = Release|Any CPU
	EndGlobalSection
	GlobalSection(ProjectConfigurationPlatforms) = postSolution
		{C27DD06C-850C-48FD-9C20-86E11C46CC09}.Debug|Any CPU.ActiveCfg = Debug|Any CPU
		{C27DD06C-850C-48FD-9C20-86E11C46CC09}.Debug|Any CPU.Build.0 = Debug|Any CPU
		{C27DD06C-850C-48FD-9C20-86E11C46CC09}.Release|Any CPU.ActiveCfg = Release|Any CPU
		{C27DD06C-850C-48FD-9C20-86E11C46CC09}.Release|Any CPU.Build.0 = Release|Any CPU
	EndGlobalSection
	GlobalSection(SolutionProperties) = preSolution
		HideSolutionNode = FALSE
	EndGlobalSection
	GlobalSection(ExtensibilityGlobals) = postSolution
		SolutionGuid = {3D2A2A1F-F218-4E43-8B7F-C960063B89D6}
	EndGlobalSection
EndGlobal
